
Microsoft Visual Studio Solution File, Format Version 12.00
# Visual Studio 2012
Project("{FAE04EC0-301F-11D3-BF4B-00C04F79EFBC}") = "FF TRPG Magic And Techniques", "FF TRPG Magic And Techniques\FF TRPG Magic And Techniques.csproj", "{2D07399D-C08A-4AF8-9616-B8A4998866D0}"
EndProject
Project("{FAE04EC0-301F-11D3-BF4B-00C04F79EFBC}") = "FF TRPG ClassLibrary", "..\FF TRPG ClassLibrary\FF TRPG ClassLibrary.csproj", "{31A4CB46-366D-4048-B76E-C2AAA37B5839}"
EndProject
Global
	GlobalSection(TeamFoundationVersionControl) = preSolution
		SccNumberOfProjects = 3
		SccEnterpriseProvider = {4CA58AB2-18FA-4F8D-95D4-32DDF27D184C}
		SccTeamFoundationServer = http://skyfall:8080/tfs/defaultcollection
		SccLocalPath0 = .
		SccProjectUniqueName1 = ..\\FF\u0020TRPG\u0020ClassLibrary\\FF\u0020TRPG\u0020ClassLibrary.csproj
		SccProjectName1 = ../FF\u0020TRPG\u0020ClassLibrary
		SccLocalPath1 = ..\\FF\u0020TRPG\u0020ClassLibrary
		SccProjectUniqueName2 = FF\u0020TRPG\u0020Magic\u0020And\u0020Techniques\\FF\u0020TRPG\u0020Magic\u0020And\u0020Techniques.csproj
		SccProjectName2 = FF\u0020TRPG\u0020Magic\u0020And\u0020Techniques
		SccLocalPath2 = FF\u0020TRPG\u0020Magic\u0020And\u0020Techniques
	EndGlobalSection
	GlobalSection(SolutionConfigurationPlatforms) = preSolution
		Debug|Any CPU = Debug|Any CPU
		Release|Any CPU = Release|Any CPU
	EndGlobalSection
	GlobalSection(ProjectConfigurationPlatforms) = postSolution
		{2D07399D-C08A-4AF8-9616-B8A4998866D0}.Debug|Any CPU.ActiveCfg = Debug|Any CPU
		{2D07399D-C08A-4AF8-9616-B8A4998866D0}.Debug|Any CPU.Build.0 = Debug|Any CPU
		{2D07399D-C08A-4AF8-9616-B8A4998866D0}.Release|Any CPU.ActiveCfg = Release|Any CPU
		{2D07399D-C08A-4AF8-9616-B8A4998866D0}.Release|Any CPU.Build.0 = Release|Any CPU
		{31A4CB46-366D-4048-B76E-C2AAA37B5839}.Debug|Any CPU.ActiveCfg = Debug|Any CPU
		{31A4CB46-366D-4048-B76E-C2AAA37B5839}.Debug|Any CPU.Build.0 = Debug|Any CPU
		{31A4CB46-366D-4048-B76E-C2AAA37B5839}.Release|Any CPU.ActiveCfg = Release|Any CPU
		{31A4CB46-366D-4048-B76E-C2AAA37B5839}.Release|Any CPU.Build.0 = Release|Any CPU
	EndGlobalSection
	GlobalSection(SolutionProperties) = preSolution
		HideSolutionNode = FALSE
	EndGlobalSection
EndGlobal
