
Microsoft Visual Studio Solution File, Format Version 12.00
# Visual Studio 2012
Project("{FAE04EC0-301F-11D3-BF4B-00C04F79EFBC}") = "CharacterLibrary", "CharacterLibrary\CharacterLibrary.csproj", "{58E7474C-D9DB-4C47-B4EA-B51B92260F8D}"
EndProject
Project("{FAE04EC0-301F-11D3-BF4B-00C04F79EFBC}") = "FF TRPG ClassLibrary", "..\FF TRPG ClassLibrary\FF TRPG ClassLibrary.csproj", "{31A4CB46-366D-4048-B76E-C2AAA37B5839}"
EndProject
Global
	GlobalSection(SolutionConfigurationPlatforms) = preSolution
		Debug|Any CPU = Debug|Any CPU
		Release|Any CPU = Release|Any CPU
	EndGlobalSection
	GlobalSection(ProjectConfigurationPlatforms) = postSolution
		{58E7474C-D9DB-4C47-B4EA-B51B92260F8D}.Debug|Any CPU.ActiveCfg = Debug|Any CPU
		{58E7474C-D9DB-4C47-B4EA-B51B92260F8D}.Debug|Any CPU.Build.0 = Debug|Any CPU
		{58E7474C-D9DB-4C47-B4EA-B51B92260F8D}.Release|Any CPU.ActiveCfg = Release|Any CPU
		{58E7474C-D9DB-4C47-B4EA-B51B92260F8D}.Release|Any CPU.Build.0 = Release|Any CPU
		{31A4CB46-366D-4048-B76E-C2AAA37B5839}.Debug|Any CPU.ActiveCfg = Debug|Any CPU
		{31A4CB46-366D-4048-B76E-C2AAA37B5839}.Debug|Any CPU.Build.0 = Debug|Any CPU
		{31A4CB46-366D-4048-B76E-C2AAA37B5839}.Release|Any CPU.ActiveCfg = Release|Any CPU
		{31A4CB46-366D-4048-B76E-C2AAA37B5839}.Release|Any CPU.Build.0 = Release|Any CPU
	EndGlobalSection
	GlobalSection(SolutionProperties) = preSolution
		HideSolutionNode = FALSE
	EndGlobalSection
EndGlobal
